// !$*UTF8*$!
{
	archiveVersion = 1;
	classes = {
	};
	objectVersion = 50;
	objects = {

/* Begin PBXBuildFile section */
		004C9AE221C2812E00DE1ECC /* AppDelegate.swift in Sources */ = {isa = PBXBuildFile; fileRef = 004C9AE121C2812E00DE1ECC /* AppDelegate.swift */; };
		004C9AE421C2812E00DE1ECC /* ViewController.swift in Sources */ = {isa = PBXBuildFile; fileRef = 004C9AE321C2812E00DE1ECC /* ViewController.swift */; };
		004C9AE721C2812E00DE1ECC /* Main.storyboard in Resources */ = {isa = PBXBuildFile; fileRef = 004C9AE521C2812E00DE1ECC /* Main.storyboard */; };
		004C9AE921C2813000DE1ECC /* Assets.xcassets in Resources */ = {isa = PBXBuildFile; fileRef = 004C9AE821C2813000DE1ECC /* Assets.xcassets */; };
		004C9AEC21C2813000DE1ECC /* LaunchScreen.storyboard in Resources */ = {isa = PBXBuildFile; fileRef = 004C9AEA21C2813000DE1ECC /* LaunchScreen.storyboard */; };
/* End PBXBuildFile section */

/* Begin PBXFileReference section */
		004C9ADE21C2812E00DE1ECC /* SizeClass Study.app */ = {isa = PBXFileReference; explicitFileType = wrapper.application; includeInIndex = 0; path = "SizeClass Study.app"; sourceTree = BUILT_PRODUCTS_DIR; };
		004C9AE121C2812E00DE1ECC /* AppDelegate.swift */ = {isa = PBXFileReference; lastKnownFileType = sourcecode.swift; path = AppDelegate.swift; sourceTree = "<group>"; };
		004C9AE321C2812E00DE1ECC /* ViewController.swift */ = {isa = PBXFileReference; lastKnownFileType = sourcecode.swift; path = ViewController.swift; sourceTree = "<group>"; };
		004C9AE621C2812E00DE1ECC /* Base */ = {isa = PBXFileReference; lastKnownFileType = file.storyboard; name = Base; path = Base.lproj/Main.storyboard; sourceTree = "<group>"; };
		004C9AE821C2813000DE1ECC /* Assets.xcassets */ = {isa = PBXFileReference; lastKnownFileType = folder.assetcatalog; path = Assets.xcassets; sourceTree = "<group>"; };
		004C9AEB21C2813000DE1ECC /* Base */ = {isa = PBXFileReference; lastKnownFileType = file.storyboard; name = Base; path = Base.lproj/LaunchScreen.storyboard; sourceTree = "<group>"; };
		004C9AED21C2813000DE1ECC /* Info.plist */ = {isa = PBXFileReference; lastKnownFileType = text.plist.xml; path = Info.plist; sourceTree = "<group>"; };
/* End PBXFileReference section */

/* Begin PBXFrameworksBuildPhase section */
		004C9ADB21C2812E00DE1ECC /* Frameworks */ = {
			isa = PBXFrameworksBuildPhase;
			buildActionMask = 2147483647;
			files = (
			);
			runOnlyForDeploymentPostprocessing = 0;
		};
/* End PBXFrameworksBuildPhase section */

/* Begin PBXGroup section */
		004C9AD521C2812E00DE1ECC = {
			isa = PBXGroup;
			children = (
				004C9AE021C2812E00DE1ECC /* SizeClass Study */,
				004C9ADF21C2812E00DE1ECC /* Products */,
			);
			sourceTree = "<group>";
		};
		004C9ADF21C2812E00DE1ECC /* Products */ = {
			isa = PBXGroup;
			children = (
				004C9ADE21C2812E00DE1ECC /* SizeClass Study.app */,
			);
			name = Products;
			sourceTree = "<group>";
		};
		004C9AE021C2812E00DE1ECC /* SizeClass Study */ = {
			isa = PBXGroup;
			children = (
				004C9AE121C2812E00DE1ECC /* AppDelegate.swift */,
				004C9AE321C2812E00DE1ECC /* ViewController.swift */,
				004C9AE521C2812E00DE1ECC /* Main.storyboard */,
				004C9AE821C2813000DE1ECC /* Assets.xcassets */,
				004C9AEA21C2813000DE1ECC /* LaunchScreen.storyboard */,
				004C9AED21C2813000DE1ECC /* Info.plist */,
			);
			path = "SizeClass Study";
			sourceTree = "<group>";
		};
/* End PBXGroup section */

/* Begin PBXNativeTarget section */
		004C9ADD21C2812E00DE1ECC /* SizeClass Study */ = {
			isa = PBXNativeTarget;
			buildConfigurationList = 004C9AF021C2813000DE1ECC /* Build configuration list for PBXNativeTarget "SizeClass Study" */;
			buildPhases = (
				004C9ADA21C2812E00DE1ECC /* Sources */,
				004C9ADB21C2812E00DE1ECC /* Frameworks */,
				004C9ADC21C2812E00DE1ECC /* Resources */,
			);
			buildRules = (
			);
			dependencies = (
			);
			name = "SizeClass Study";
			productName = "SizeClass Study";
			productReference = 004C9ADE21C2812E00DE1ECC /* SizeClass Study.app */;
			productType = "com.apple.product-type.application";
		};
/* End PBXNativeTarget section */

/* Begin PBXProject section */
		004C9AD621C2812E00DE1ECC /* Project object */ = {
			isa = PBXProject;
			attributes = {
				LastSwiftUpdateCheck = 1010;
				LastUpgradeCheck = 1010;
				ORGANIZATIONNAME = LeeChul;
				TargetAttributes = {
					004C9ADD21C2812E00DE1ECC = {
						CreatedOnToolsVersion = 10.1;
					};
				};
			};
			buildConfigurationList = 004C9AD921C2812E00DE1ECC /* Build configuration list for PBXProject "SizeClass Study" */;
			compatibilityVersion = "Xcode 9.3";
			developmentRegion = en;
			hasScannedForEncodings = 0;
			knownRegions = (
				en,
				Base,
			);
			mainGroup = 004C9AD521C2812E00DE1ECC;
			productRefGroup = 004C9ADF21C2812E00DE1ECC /* Products */;
			projectDirPath = "";
			projectRoot = "";
			targets = (
				004C9ADD21C2812E00DE1ECC /* SizeClass Study */,
			);
		};
/* End PBXProject section */

/* Begin PBXResourcesBuildPhase section */
		004C9ADC21C2812E00DE1ECC /* Resources */ = {
			isa = PBXResourcesBuildPhase;
			buildActionMask = 2147483647;
			files = (
				004C9AEC21C2813000DE1ECC /* LaunchScreen.storyboard in Resources */,
				004C9AE921C2813000DE1ECC /* Assets.xcassets in Resources */,
				004C9AE721C2812E00DE1ECC /* Main.storyboard in Resources */,
			);
			runOnlyForDeploymentPostprocessing = 0;
		};
/* End PBXResourcesBuildPhase section */

/* Begin PBXSourcesBuildPhase section */
		004C9ADA21C2812E00DE1ECC /* Sources */ = {
			isa = PBXSourcesBuildPhase;
			buildActionMask = 2147483647;
			files = (
				004C9AE421C2812E00DE1ECC /* ViewController.swift in Sources */,
				004C9AE221C2812E00DE1ECC /* AppDelegate.swift in Sources */,
			);
			runOnlyForDeploymentPostprocessing = 0;
		};
/* End PBXSourcesBuildPhase section */

/* Begin PBXVariantGroup section */
		004C9AE521C2812E00DE1ECC /* Main.storyboard */ = {
			isa = PBXVariantGroup;
			children = (
				004C9AE621C2812E00DE1ECC /* Base */,
			);
			name = Main.storyboard;
			sourceTree = "<group>";
		};
		004C9AEA21C2813000DE1ECC /* LaunchScreen.storyboard */ = {
			isa = PBXVariantGroup;
			children = (
				004C9AEB21C2813000DE1ECC /* Base */,
			);
			name = LaunchScreen.storyboard;
			sourceTree = "<group>";
		};
/* End PBXVariantGroup section */

/* Begin XCBuildConfiguration section */
		004C9AEE21C2813000DE1ECC /* Debug */ = {
			isa = XCBuildConfiguration;
			buildSettings = {
				ALWAYS_SEARCH_USER_PATHS = NO;
				CLANG_ANALYZER_NONNULL = YES;
				CLANG_ANALYZER_NUMBER_OBJECT_CONVERSION = YES_AGGRESSIVE;
				CLANG_CXX_LANGUAGE_STANDARD = "gnu++14";
				CLANG_CXX_LIBRARY = "libc++";
				CLANG_ENABLE_MODULES = YES;
				CLANG_ENABLE_OBJC_ARC = YES;
				CLANG_ENABLE_OBJC_WEAK = YES;
				CLANG_WARN_BLOCK_CAPTURE_AUTORELEASING = YES;
				CLANG_WARN_BOOL_CONVERSION = YES;
				CLANG_WARN_COMMA = YES;
				CLANG_WARN_CONSTANT_CONVERSION = YES;
				CLANG_WARN_DEPRECATED_OBJC_IMPLEMENTATIONS = YES;
				CLANG_WARN_DIRECT_OBJC_ISA_USAGE = YES_ERROR;
				CLANG_WARN_DOCUMENTATION_COMMENTS = YES;
				CLANG_WARN_EMPTY_BODY = YES;
				CLANG_WARN_ENUM_CONVERSION = YES;
				CLANG_WARN_INFINITE_RECURSION = YES;
				CLANG_WARN_INT_CONVERSION = YES;
				CLANG_WARN_NON_LITERAL_NULL_CONVERSION = YES;
				CLANG_WARN_OBJC_IMPLICIT_RETAIN_SELF = YES;
				CLANG_WARN_OBJC_LITERAL_CONVERSION = YES;
				CLANG_WARN_OBJC_ROOT_CLASS = YES_ERROR;
				CLANG_WARN_RANGE_LOOP_ANALYSIS = YES;
				CLANG_WARN_STRICT_PROTOTYPES = YES;
				CLANG_WARN_SUSPICIOUS_MOVE = YES;
				CLANG_WARN_UNGUARDED_AVAILABILITY = YES_AGGRESSIVE;
				CLANG_WARN_UNREACHABLE_CODE = YES;
				CLANG_WARN__DUPLICATE_METHOD_MATCH = YES;
				CODE_SIGN_IDENTITY = "iPhone Developer";
				COPY_PHASE_STRIP = NO;
				DEBUG_INFORMATION_FORMAT = dwarf;
				ENABLE_STRICT_OBJC_MSGSEND = YES;
				ENABLE_TESTABILITY = YES;
				GCC_C_LANGUAGE_STANDARD = gnu11;
				GCC_DYNAMIC_NO_PIC = NO;
				GCC_NO_COMMON_BLOCKS = YES;
				GCC_OPTIMIZATION_LEVEL = 0;
				GCC_PREPROCESSOR_DEFINITIONS = (
					"DEBUG=1",
					"$(inherited)",
				);
				GCC_WARN_64_TO_32_BIT_CONVERSION = YES;
				GCC_WARN_ABOUT_RETURN_TYPE = YES_ERROR;
				GCC_WARN_UNDECLARED_SELECTOR = YES;
				GCC_WARN_UNINITIALIZED_AUTOS = YES_AGGRESSIVE;
				GCC_WARN_UNUSED_FUNCTION = YES;
				GCC_WARN_UNUSED_VARIABLE = YES;
				IPHONEOS_DEPLOYMENT_TARGET = 12.1;
				MTL_ENABLE_DEBUG_INFO = INCLUDE_SOURCE;
				MTL_FAST_MATH = YES;
				ONLY_ACTIVE_ARCH = YES;
				SDKROOT = iphoneos;
				SWIFT_ACTIVE_COMPILATION_CONDITIONS = DEBUG;
				SWIFT_OPTIMIZATION_LEVEL = "-Onone";
			};
			name = Debug;
		};
		004C9AEF21C2813000DE1ECC /* Release */ = {
			isa = XCBuildConfiguration;
			buildSettings = {
				ALWAYS_SEARCH_USER_PATHS = NO;
				CLANG_ANALYZER_NONNULL = YES;
				CLANG_ANALYZER_NUMBER_OBJECT_CONVERSION = YES_AGGRESSIVE;
				CLANG_CXX_LANGUAGE_STANDARD = "gnu++14";
				CLANG_CXX_LIBRARY = "libc++";
				CLANG_ENABLE_MODULES = YES;
				CLANG_ENABLE_OBJC_ARC = YES;
				CLANG_ENABLE_OBJC_WEAK = YES;
				CLANG_WARN_BLOCK_CAPTURE_AUTORELEASING = YES;
				CLANG_WARN_BOOL_CONVERSION = YES;
				CLANG_WARN_COMMA = YES;
				CLANG_WARN_CONSTANT_CONVERSION = YES;
				CLANG_WARN_DEPRECATED_OBJC_IMPLEMENTATIONS = YES;
				CLANG_WARN_DIRECT_OBJC_ISA_USAGE = YES_ERROR;
				CLANG_WARN_DOCUMENTATION_COMMENTS = YES;
				CLANG_WARN_EMPTY_BODY = YES;
				CLANG_WARN_ENUM_CONVERSION = YES;
				CLANG_WARN_INFINITE_RECURSION = YES;
				CLANG_WARN_INT_CONVERSION = YES;
				CLANG_WARN_NON_LITERAL_NULL_CONVERSION = YES;
				CLANG_WARN_OBJC_IMPLICIT_RETAIN_SELF = YES;
				CLANG_WARN_OBJC_LITERAL_CONVERSION = YES;
				CLANG_WARN_OBJC_ROOT_CLASS = YES_ERROR;
				CLANG_WARN_RANGE_LOOP_ANALYSIS = YES;
				CLANG_WARN_STRICT_PROTOTYPES = YES;
				CLANG_WARN_SUSPICIOUS_MOVE = YES;
				CLANG_WARN_UNGUARDED_AVAILABILITY = YES_AGGRESSIVE;
				CLANG_WARN_UNREACHABLE_CODE = YES;
				CLANG_WARN__DUPLICATE_METHOD_MATCH = YES;
				CODE_SIGN_IDENTITY = "iPhone Developer";
				COPY_PHASE_STRIP = NO;
				DEBUG_INFORMATION_FORMAT = "dwarf-with-dsym";
				ENABLE_NS_ASSERTIONS = NO;
				ENABLE_STRICT_OBJC_MSGSEND = YES;
				GCC_C_LANGUAGE_STANDARD = gnu11;
				GCC_NO_COMMON_BLOCKS = YES;
				GCC_WARN_64_TO_32_BIT_CONVERSION = YES;
				GCC_WARN_ABOUT_RETURN_TYPE = YES_ERROR;
				GCC_WARN_UNDECLARED_SELECTOR = YES;
				GCC_WARN_UNINITIALIZED_AUTOS = YES_AGGRESSIVE;
				GCC_WARN_UNUSED_FUNCTION = YES;
				GCC_WARN_UNUSED_VARIABLE = YES;
				IPHONEOS_DEPLOYMENT_TARGET = 12.1;
				MTL_ENABLE_DEBUG_INFO = NO;
				MTL_FAST_MATH = YES;
				SDKROOT = iphoneos;
				SWIFT_COMPILATION_MODE = wholemodule;
				SWIFT_OPTIMIZATION_LEVEL = "-O";
				VALIDATE_PRODUCT = YES;
			};
			name = Release;
		};
		004C9AF121C2813000DE1ECC /* Debug */ = {
			isa = XCBuildConfiguration;
			buildSettings = {
				ASSETCATALOG_COMPILER_APPICON_NAME = AppIcon;
				CODE_SIGN_STYLE = Automatic;
				DEVELOPMENT_TEAM = QT5YS9GGYX;
				INFOPLIST_FILE = "SizeClass Study/Info.plist";
				LD_RUNPATH_SEARCH_PATHS = (
					"$(inherited)",
					"@executable_path/Frameworks",
				);
				PRODUCT_BUNDLE_IDENTIFIER = "Chul.SizeClass-Study";
				PRODUCT_NAME = "$(TARGET_NAME)";
				SWIFT_VERSION = 4.2;
				TARGETED_DEVICE_FAMILY = "1,2";
			};
			name = Debug;
		};
		004C9AF221C2813000DE1ECC /* Release */ = {
			isa = XCBuildConfiguration;
			buildSettings = {
				ASSETCATALOG_COMPILER_APPICON_NAME = AppIcon;
				CODE_SIGN_STYLE = Automatic;
				DEVELOPMENT_TEAM = QT5YS9GGYX;
				INFOPLIST_FILE = "SizeClass Study/Info.plist";
				LD_RUNPATH_SEARCH_PATHS = (
					"$(inherited)",
					"@executable_path/Frameworks",
				);
				PRODUCT_BUNDLE_IDENTIFIER = "Chul.SizeClass-Study";
				PRODUCT_NAME = "$(TARGET_NAME)";
				SWIFT_VERSION = 4.2;
				TARGETED_DEVICE_FAMILY = "1,2";
			};
			name = Release;
		};
/* End XCBuildConfiguration section */

/* Begin XCConfigurationList section */
		004C9AD921C2812E00DE1ECC /* Build configuration list for PBXProject "SizeClass Study" */ = {
			isa = XCConfigurationList;
			buildConfigurations = (
				004C9AEE21C2813000DE1ECC /* Debug */,
				004C9AEF21C2813000DE1ECC /* Release */,
			);
			defaultConfigurationIsVisible = 0;
			defaultConfigurationName = Release;
		};
		004C9AF021C2813000DE1ECC /* Build configuration list for PBXNativeTarget "SizeClass Study" */ = {
			isa = XCConfigurationList;
			buildConfigurations = (
				004C9AF121C2813000DE1ECC /* Debug */,
				004C9AF221C2813000DE1ECC /* Release */,
			);
			defaultConfigurationIsVisible = 0;
			defaultConfigurationName = Release;
		};
/* End XCConfigurationList section */
	};
	rootObject = 004C9AD621C2812E00DE1ECC /* Project object */;
}
